
Microsoft Visual Studio Solution File, Format Version 12.00
# Visual Studio Version 16
VisualStudioVersion = 16.0.31702.278
MinimumVisualStudioVersion = 10.0.40219.1
Project("{FAE04EC0-301F-11D3-BF4B-00C04F79EFBC}") = "getSet", "getSet\getSet.csproj", "{CCE7602F-0489-4CF6-B628-99A7EBE4F992}"
EndProject
Global
	GlobalSection(SolutionConfigurationPlatforms) = preSolution
		Debug|Any CPU = Debug|Any CPU
		Release|Any CPU = Release|Any CPU
	EndGlobalSection
	GlobalSection(ProjectConfigurationPlatforms) = postSolution
		{CCE7602F-0489-4CF6-B628-99A7EBE4F992}.Debug|Any CPU.ActiveCfg = Debug|Any CPU
		{CCE7602F-0489-4CF6-B628-99A7EBE4F992}.Debug|Any CPU.Build.0 = Debug|Any CPU
		{CCE7602F-0489-4CF6-B628-99A7EBE4F992}.Release|Any CPU.ActiveCfg = Release|Any CPU
		{CCE7602F-0489-4CF6-B628-99A7EBE4F992}.Release|Any CPU.Build.0 = Release|Any CPU
	EndGlobalSection
	GlobalSection(SolutionProperties) = preSolution
		HideSolutionNode = FALSE
	EndGlobalSection
	GlobalSection(ExtensibilityGlobals) = postSolution
		SolutionGuid = {E53684BC-382E-407E-8F09-04A52352711B}
	EndGlobalSection
EndGlobal
